
Microsoft Visual Studio Solution File, Format Version 12.00
# Visual Studio Version 16
VisualStudioVersion = 16.0.31205.134
MinimumVisualStudioVersion = 10.0.40219.1
Project("{FAE04EC0-301F-11D3-BF4B-00C04F79EFBC}") = "WineScraper", "WineScraper\WineScraper.csproj", "{12A76525-5CD2-4FDD-A8D0-2268F097B16D}"
EndProject
Global
	GlobalSection(SolutionConfigurationPlatforms) = preSolution
		Debug|Any CPU = Debug|Any CPU
		Release|Any CPU = Release|Any CPU
	EndGlobalSection
	GlobalSection(ProjectConfigurationPlatforms) = postSolution
		{12A76525-5CD2-4FDD-A8D0-2268F097B16D}.Debug|Any CPU.ActiveCfg = Debug|Any CPU
		{12A76525-5CD2-4FDD-A8D0-2268F097B16D}.Debug|Any CPU.Build.0 = Debug|Any CPU
		{12A76525-5CD2-4FDD-A8D0-2268F097B16D}.Release|Any CPU.ActiveCfg = Release|Any CPU
		{12A76525-5CD2-4FDD-A8D0-2268F097B16D}.Release|Any CPU.Build.0 = Release|Any CPU
	EndGlobalSection
	GlobalSection(SolutionProperties) = preSolution
		HideSolutionNode = FALSE
	EndGlobalSection
	GlobalSection(ExtensibilityGlobals) = postSolution
		SolutionGuid = {DE105839-EB58-4CCA-BFB0-41CD37A17C82}
	EndGlobalSection
EndGlobal
